{"SurveyEntry":{"SurveyID":"SV_bHPqKzlQzZCmmt7","SurveyName":"LeadersPilot","SurveyDescription":"LeadersPilot","SurveyOwnerID":"UR_2fOgHN8L4N0ugLj","SurveyBrandID":"unikoelnpsych","DivisionID":null,"SurveyLanguage":"EN","SurveyActiveResponseSet":"RS_4I6HvavuTPu1P4V","SurveyStatus":"Active","SurveyStartDate":"0000-00-00 00:00:00","SurveyExpirationDate":"0000-00-00 00:00:00","SurveyCreationDate":"2014-05-12 02:27:34","CreatorID":"UR_2fOgHN8L4N0ugLj","LastModified":"2018-03-28 02:08:47","LastAccessed":"0000-00-00 00:00:00","LastActivated":"2014-05-12 02:59:50","Deleted":null},"SurveyElements":[{"SurveyID":"SV_bHPqKzlQzZCmmt7","Element":"BL","PrimaryAttribute":"Survey Blocks","SecondaryAttribute":null,"TertiaryAttribute":null,"Payload":{"1":{"Type":"Trash","Description":"Trash \/ Unused Questions","ID":"BL_9NeJZyXOxLIYejz","BlockElements":[]},"2":{"Type":"Standard","SubType":"","Description":"Demographics","ID":"BL_0SxXADrxkHilZ2J","BlockElements":[{"Type":"Question","QuestionID":"QID45"},{"Type":"Question","QuestionID":"QID46"},{"Type":"Question","QuestionID":"QID47"},{"Type":"Question","QuestionID":"QID48"},{"Type":"Page Break"},{"Type":"Question","QuestionID":"QID49"},{"Type":"Page Break"},{"Type":"Question","QuestionID":"QID50"}]},"4":{"Type":"Standard","Description":"Leaders","ID":"BL_e4f9wEwFbU5BP8h","BlockElements":[{"Type":"Question","QuestionID":"QID72"},{"Type":"Question","QuestionID":"QID73"},{"Type":"Question","QuestionID":"QID74"},{"Type":"Question","QuestionID":"QID75"},{"Type":"Question","QuestionID":"QID76"},{"Type":"Question","QuestionID":"QID77"},{"Type":"Question","QuestionID":"QID78"},{"Type":"Question","QuestionID":"QID79"},{"Type":"Question","QuestionID":"QID80"},{"Type":"Question","QuestionID":"QID81"},{"Type":"Question","QuestionID":"QID82"},{"Type":"Question","QuestionID":"QID168"},{"Type":"Page Break"},{"Type":"Question","QuestionID":"QID83"},{"Type":"Question","QuestionID":"QID84"},{"Type":"Question","QuestionID":"QID85"},{"Type":"Question","QuestionID":"QID86"},{"Type":"Question","QuestionID":"QID87"},{"Type":"Question","QuestionID":"QID88"},{"Type":"Question","QuestionID":"QID89"},{"Type":"Question","QuestionID":"QID90"},{"Type":"Question","QuestionID":"QID91"},{"Type":"Question","QuestionID":"QID153"},{"Type":"Question","QuestionID":"QID169"},{"Type":"Page Break"},{"Type":"Question","QuestionID":"QID92"},{"Type":"Question","QuestionID":"QID135"},{"Type":"Question","QuestionID":"QID154"},{"Type":"Question","QuestionID":"QID136"},{"Type":"Question","QuestionID":"QID137"},{"Type":"Question","QuestionID":"QID138"},{"Type":"Question","QuestionID":"QID139"},{"Type":"Question","QuestionID":"QID140"},{"Type":"Question","QuestionID":"QID141"},{"Type":"Question","QuestionID":"QID142"},{"Type":"Question","QuestionID":"QID170"},{"Type":"Page Break"},{"Type":"Question","QuestionID":"QID157"},{"Type":"Question","QuestionID":"QID158"},{"Type":"Question","QuestionID":"QID159"},{"Type":"Question","QuestionID":"QID160"},{"Type":"Question","QuestionID":"QID161"},{"Type":"Question","QuestionID":"QID162"},{"Type":"Question","QuestionID":"QID163"},{"Type":"Question","QuestionID":"QID164"},{"Type":"Question","QuestionID":"QID165"},{"Type":"Question","QuestionID":"QID167"},{"Type":"Question","QuestionID":"QID171"}]}}},{"SurveyID":"SV_bHPqKzlQzZCmmt7","Element":"FL","PrimaryAttribute":"Survey Flow","SecondaryAttribute":null,"TertiaryAttribute":null,"Payload":{"Type":"Root","FlowID":"FL_1","Flow":[{"Type":"Block","ID":"BL_e4f9wEwFbU5BP8h","FlowID":"FL_9"},{"Type":"Standard","ID":"BL_0SxXADrxkHilZ2J","FlowID":"FL_3"}],"Properties":{"Count":9}}},{"SurveyID":"SV_bHPqKzlQzZCmmt7","Element":"SO","PrimaryAttribute":"Survey Options","SecondaryAttribute":null,"TertiaryAttribute":null,"Payload":{"BackButton":"false","SaveAndContinue":"true","SurveyProtection":"PublicSurvey","BallotBoxStuffingPrevention":"false","SurveyExpiration":null,"SurveyTermination":"DisplayMessage","Header":"","Footer":"","ProgressBarDisplay":"None","PartialData":"+1 week","ValidationMessage":null,"PreviousButton":"  <<  ","NextButton":"  >>  ","SkinLibrary":"Qualtrics","SkinType":"MQ","Skin":"QualtricsLight","NewScoring":1,"EOSMessage":"MS_57pUXul6k9WKRX7","ShowExportTags":"false","CollectGeoLocation":"false","SurveyTitle":"Survey | Qualtrics Survey Software","SurveyMetaDescription":"Survey Software, Enterprise Survey software for enterprise feedback management and CRM solutions. Enables high-quality data collection, panel management and results analysis. Perfect for market research or CRM solution (Customer Relationship Management) integration. Free trial and consultation.","PasswordProtection":"No","AnonymizeResponse":"No","Password":"","RefererCheck":"No","NoIndex":"No","RefererURL":"http:\/\/","EOSMessageLibrary":"UR_2fOgHN8L4N0ugLj","EOSRedirectURL":"http:\/\/","EmailThankYou":"false","ThankYouEmailMessageLibrary":null,"ThankYouEmailMessage":null,"ValidateMessage":"false","ValidationMessageLibrary":null,"InactiveSurvey":"DefaultMessage","InactiveMessageLibrary":"","InactiveMessage":"","AvailableLanguages":{"EN":[]},"ProtectSelectionIds":true,"libraryId":"","nextButtonMid":"","previousButtonMid":"","headerMid":"","footerMid":"","QuestionsPerPage":"","ExternalCSS":null,"CustomStyles":{"errorStyles":{"selector":".Skin .ValidationError","styles":{"color":null,"backgroundColor":null,"borderColor":null}},"errorStylesBG":{"selector":".Skin .HeaderValidationError, .Skin .HeaderValidationError li a","styles":{"color":null,"backgroundColor":null}},"pageStyles":{"selector":"#SurveyEngineBody","styles":{"backgroundColor":null}},"textStyles":{"selector":".SkinInner","styles":{"fontFamily":null,"fontSize":null,"fontWeight":null,"fontStyle":null,"textDecoration":null,"color":null}},"questionStyles":{"selector":".Skin .QuestionText","styles":{"fontFamily":null,"fontSize":null,"fontWeight":null,"fontStyle":null,"textDecoration":null,"color":null}},"choiceStyles":{"selector":".Skin .horizontalbar th.ylabel, .Skin .Matrix table td, .Skin .Matrix table th, .Skin .Matrix table thead th, .Skin .Matrix table thead td, .Skin .PGR .DragAndDrop .Items label, .Skin .QuestionBody ul.ChoiceStructure, .Skin .PGR .DragAndDrop .Group ul, .Skin .PGR .DragAndDrop .Group h2, .Skin .PGR .DragAndDrop .Items ul, .Skin .PGR .DragAndDrop .Items h2, .Skin .DD .QuestionBody table.ChoiceStructure, .Skin .PGR .DragAndDrop .NoColumns td.groupsContainerTd div ul, .Skin .PGR .DragAndDrop .NoColumns td.groupsContainerTd div h2, .Skin .SBS thead th, .Skin .SBS td, .Skin .SBS .Answers td, .Skin .SBS .Answers th, .SBS table.ChoiceStructure, .Skin .horizontalbar thead table.LabelDescriptions tr td, .Skin .horizontalbar thead tr td.NotApplicable, .QuestionBody th, .Skin .QuestionBody .MC .MAVR label, .Skin .QuestionBody .MC .SAVR label, .Skin .SBS thead th, .Skin .SBS td, .Skin .RO .DND ul li, .Skin .reg, .SkinInner .ChoiceStructure, .Skin thead, .Skin .GAP .ChoiceStructure thead th, .Skin .GAP .ChoiceStructure .c4, .Skin .GAP .ChoiceStructure th, .Skin .GAP .ChoiceStructure .WhyText, .SkinInner .ChoiceStructure .LightBG, .Skin .QuestionOuter.Highlight .Inner .reg, .Skin .QuestionOuter.Highlight .Inner .alt, .Skin .QuestionOuter.Highlight .Inner .ReadableAlt       ","styles":{"fontFamily":null,"fontSize":null,"fontWeight":null,"fontStyle":null,"textDecoration":null,"color":null}},"headerStyles":{"selector":".Skin div#Header","styles":{"color":null}},"footerStyles":{"selector":".Skin #Footer","styles":{"color":null}},"questionSeparatorStyles":{"selector":".Skin .Separator","styles":{"backgroundColor":null,"display":null}},"highlightStyles":{"selector":".Skin .QuestionOuter.Highlight .Inner, .Skin .QuestionOuter.Highlight .Inner .reg, .Skin .QuestionOuter.Highlight .Inner .alt, .Skin .QuestionOuter.Highlight .Inner .ReadableAlt","styles":{"backgroundColor":null}},"highlightStylesAlt":{"selector":".Skin .QuestionOuter.Highlight .Inner .ReadableAlt, .Skin .QuestionOuter.Highlight .Inner .LightBG","styles":{"backgroundColor":null}},"textEntryStyles":{"selector":".Skin select, .Skin .InputText","styles":{"color":null}},"borderStyles":{"selector":".Skin .CS .horizontalbar table.sliderGrid tr.xlabel th, .Skin .CS .horizontalbar .ylabel, .Skin .CS .horizontalbar table.sliderGrid tr td.value, .Skin .Slider .horizontalbar table.sliderGrid tr.xlabel th, .Skin .BorderColor, .Skin .DarkBorderColor, .Skin .Slider .horizontalbar table.sliderGrid tr td.value, .Skin thead, .Skin .GAP .ChoiceStructure thead th  ","styles":{"borderColor":null}},"altRowStyles":{"selector":".Skin .ReadableAlt, .Skin .LightBG","styles":{"backgroundColor":null}},"customCSS":null},"HighlightQuestions":"off","SpellChecked":0}},{"SurveyID":"SV_bHPqKzlQzZCmmt7","Element":"SCO","PrimaryAttribute":"Scoring","SecondaryAttribute":null,"TertiaryAttribute":null,"Payload":{"ScoringCategories":[],"ScoringCategoryGroups":[],"ScoringSummaryCategory":null,"ScoringSummaryAfterQuestions":0,"ScoringSummaryAfterSurvey":0,"DefaultScoringCategory":null,"AutoScoringCategory":null}},{"SurveyID":"SV_bHPqKzlQzZCmmt7","Element":"STAT","PrimaryAttribute":"Survey Statistics","SecondaryAttribute":null,"TertiaryAttribute":null,"Payload":{"MobileCompatible":true,"ID":"Survey Statistics"}},{"SurveyID":"SV_bHPqKzlQzZCmmt7","Element":"PROJ","PrimaryAttribute":"CORE","SecondaryAttribute":"1.0.0","TertiaryAttribute":null,"Payload":null},{"SurveyID":"SV_bHPqKzlQzZCmmt7","Element":"SQ","PrimaryAttribute":"QID82","SecondaryAttribute":"10:\u00a0Another influential leader in\nhistory:","TertiaryAttribute":null,"Payload":{"QuestionText":"<span style=\"font-size:16px;\">10:&nbsp;<\/span><span style=\"font-size: 16px;\">Another influential leader in history:<\/span>","DefaultChoices":false,"QuestionType":"TE","Selector":"SL","Configuration":{"QuestionDescriptionOption":"UseText"},"QuestionDescription":"10:\u00a0Another influential leader in\nhistory:","Validation":{"Settings":{"ForceResponse":"ON","ForceResponseType":"ON","Type":"None","MinChars":"2"}},"GradingData":[],"Language":[],"QuestionText_Unsafe":"<span style=\"font-size:16px;\">10: Another&nbsp;<\/span><span style=\"font-size: 15.555556297302246px;\">sexual desire that humans can have is:<\/span>","DataExportTag":"10","QuestionID":"QID82"}},{"SurveyID":"SV_bHPqKzlQzZCmmt7","Element":"SQ","PrimaryAttribute":"QID83","SecondaryAttribute":"11:\u00a0Another influential leader in\nhistory:","TertiaryAttribute":null,"Payload":{"QuestionText":"<span style=\"font-size:16px;\">11:&nbsp;<\/span><span style=\"font-size: 16px;\">Another influential leader in history:<\/span>","DefaultChoices":false,"QuestionType":"TE","Selector":"SL","Configuration":{"QuestionDescriptionOption":"UseText"},"QuestionDescription":"11:\u00a0Another influential leader in\nhistory:","Validation":{"Settings":{"ForceResponse":"ON","ForceResponseType":"ON","Type":"None","MinChars":"2"}},"GradingData":[],"Language":[],"QuestionText_Unsafe":"<span style=\"font-size:16px;\">11: Another&nbsp;<\/span><span style=\"font-size: 15.555556297302246px;\">sexual desire that humans can have is:<\/span>","DataExportTag":"11","QuestionID":"QID83"}},{"SurveyID":"SV_bHPqKzlQzZCmmt7","Element":"SQ","PrimaryAttribute":"QID84","SecondaryAttribute":"12:\u00a0Another influential leader in\nhistory:","TertiaryAttribute":null,"Payload":{"QuestionText":"<span style=\"font-size:16px;\">12:&nbsp;<\/span><span style=\"font-size: 16px;\">Another influential leader in history:<\/span>","DefaultChoices":false,"QuestionType":"TE","Selector":"SL","Configuration":{"QuestionDescriptionOption":"UseText"},"QuestionDescription":"12:\u00a0Another influential leader in\nhistory:","Validation":{"Settings":{"ForceResponse":"ON","ForceResponseType":"ON","Type":"None","MinChars":"2"}},"GradingData":[],"Language":[],"QuestionText_Unsafe":"<span style=\"font-size:16px;\">12: Another&nbsp;<\/span><span style=\"font-size: 15.555556297302246px;\">sexual desire that humans can have is:<\/span>","DataExportTag":"12","QuestionID":"QID84"}},{"SurveyID":"SV_bHPqKzlQzZCmmt7","Element":"SQ","PrimaryAttribute":"QID85","SecondaryAttribute":"13:\u00a0Another influential leader in\nhistory:","TertiaryAttribute":null,"Payload":{"QuestionText":"<span style=\"font-size: 16px;\">13:&nbsp;<\/span><span style=\"font-size: 16px;\">Another influential leader in history:<\/span>","DefaultChoices":false,"QuestionType":"TE","Selector":"SL","Configuration":{"QuestionDescriptionOption":"UseText"},"QuestionDescription":"13:\u00a0Another influential leader in\nhistory:","Validation":{"Settings":{"ForceResponse":"ON","ForceResponseType":"ON","Type":"None","MinChars":"2"}},"GradingData":[],"Language":[],"QuestionText_Unsafe":"<span style=\"font-size:16px;\">13: Another&nbsp;<\/span><span style=\"font-size: 15.555556297302246px;\">sexual desire that humans can have is:<\/span>","DataExportTag":"13","QuestionID":"QID85"}},{"SurveyID":"SV_bHPqKzlQzZCmmt7","Element":"SQ","PrimaryAttribute":"QID86","SecondaryAttribute":"14:\u00a0Another influential leader in\nhistory:","TertiaryAttribute":null,"Payload":{"QuestionText":"<span style=\"font-size:16px;\">14:&nbsp;<\/span><span style=\"font-size: 16px;\">Another influential leader in history:<\/span>","DefaultChoices":false,"QuestionType":"TE","Selector":"SL","Configuration":{"QuestionDescriptionOption":"UseText"},"QuestionDescription":"14:\u00a0Another influential leader in\nhistory:","Validation":{"Settings":{"ForceResponse":"ON","ForceResponseType":"ON","Type":"None","MinChars":"2"}},"GradingData":[],"Language":[],"QuestionText_Unsafe":"<span style=\"font-size:16px;\">14: Another&nbsp;<\/span><span style=\"font-size: 15.555556297302246px;\">sexual desire that humans can have is:<\/span>","DataExportTag":"14","QuestionID":"QID86"}},{"SurveyID":"SV_bHPqKzlQzZCmmt7","Element":"SQ","PrimaryAttribute":"QID87","SecondaryAttribute":"15:\u00a0Another influential leader in\nhistory:","TertiaryAttribute":null,"Payload":{"QuestionText":"<span style=\"font-size:16px;\">15:&nbsp;<\/span><span style=\"font-size: 16px;\">Another influential leader in history:<\/span>","DefaultChoices":false,"QuestionType":"TE","Selector":"SL","Configuration":{"QuestionDescriptionOption":"UseText"},"QuestionDescription":"15:\u00a0Another influential leader in\nhistory:","Validation":{"Settings":{"ForceResponse":"ON","ForceResponseType":"ON","Type":"None","MinChars":"2"}},"GradingData":[],"Language":[],"QuestionText_Unsafe":"<span style=\"font-size:16px;\">15: Another&nbsp;<\/span><span style=\"font-size: 15.555556297302246px;\">sexual desire that humans can have is:<\/span>","DataExportTag":"15","QuestionID":"QID87"}},{"SurveyID":"SV_bHPqKzlQzZCmmt7","Element":"SQ","PrimaryAttribute":"QID88","SecondaryAttribute":"16:\u00a0Another influential leader in\nhistory:","TertiaryAttribute":null,"Payload":{"QuestionText":"<span style=\"font-size:16px;\">16:&nbsp;<\/span><span style=\"font-size: 16px;\">Another influential leader in history:<\/span>","DefaultChoices":false,"QuestionType":"TE","Selector":"SL","Configuration":{"QuestionDescriptionOption":"UseText"},"QuestionDescription":"16:\u00a0Another influential leader in\nhistory:","Validation":{"Settings":{"ForceResponse":"ON","ForceResponseType":"ON","Type":"None","MinChars":"2"}},"GradingData":[],"Language":[],"QuestionText_Unsafe":"<span style=\"font-size:16px;\">16: Another&nbsp;<\/span><span style=\"font-size: 15.555556297302246px;\">sexual desire that humans can have is:<\/span>","DataExportTag":"16","QuestionID":"QID88"}},{"SurveyID":"SV_bHPqKzlQzZCmmt7","Element":"QC","PrimaryAttribute":"Survey Question Count","SecondaryAttribute":"171","TertiaryAttribute":null,"Payload":null},{"SurveyID":"SV_bHPqKzlQzZCmmt7","Element":"SQ","PrimaryAttribute":"QID89","SecondaryAttribute":"17:\u00a0Another influential leader in\nhistory:","TertiaryAttribute":null,"Payload":{"QuestionText":"<span style=\"font-size:16px;\">17:&nbsp;<\/span><span style=\"font-size: 16px;\">Another influential leader in history:<\/span>","DefaultChoices":false,"QuestionType":"TE","Selector":"SL","Configuration":{"QuestionDescriptionOption":"UseText"},"QuestionDescription":"17:\u00a0Another influential leader in\nhistory:","Validation":{"Settings":{"ForceResponse":"ON","ForceResponseType":"ON","Type":"None","MinChars":"2"}},"GradingData":[],"Language":[],"QuestionText_Unsafe":"<span style=\"font-size:16px;\">17: Another&nbsp;<\/span><span style=\"font-size: 15.555556297302246px;\">sexual desire that humans can have is:<\/span>","DataExportTag":"17","QuestionID":"QID89"}},{"SurveyID":"SV_bHPqKzlQzZCmmt7","Element":"SQ","PrimaryAttribute":"QID90","SecondaryAttribute":"18:\u00a0Another influential leader in\nhistory:","TertiaryAttribute":null,"Payload":{"QuestionText":"<span style=\"font-size:16px;\">18:&nbsp;<\/span><span style=\"font-size: 16px;\">Another influential leader in history:<\/span>","DefaultChoices":false,"QuestionType":"TE","Selector":"SL","Configuration":{"QuestionDescriptionOption":"UseText"},"QuestionDescription":"18:\u00a0Another influential leader in\nhistory:","Validation":{"Settings":{"ForceResponse":"ON","ForceResponseType":"ON","Type":"None","MinChars":"2"}},"GradingData":[],"Language":[],"QuestionText_Unsafe":"<span style=\"font-size:16px;\">18: Another&nbsp;<\/span><span style=\"font-size: 15.555556297302246px;\">sexual desire that humans can have is:<\/span>","DataExportTag":"18","QuestionID":"QID90"}},{"SurveyID":"SV_bHPqKzlQzZCmmt7","Element":"SQ","PrimaryAttribute":"QID91","SecondaryAttribute":"19:\u00a0Another influential leader in\nhistory:","TertiaryAttribute":null,"Payload":{"QuestionText":"<span style=\"font-size:16px;\">19:&nbsp;<\/span><span style=\"font-size: 16px;\">Another influential leader in history:<\/span>","DefaultChoices":false,"QuestionType":"TE","Selector":"SL","Configuration":{"QuestionDescriptionOption":"UseText"},"QuestionDescription":"19:\u00a0Another influential leader in\nhistory:","Validation":{"Settings":{"ForceResponse":"ON","ForceResponseType":"ON","Type":"None","MinChars":"2"}},"GradingData":[],"Language":[],"QuestionText_Unsafe":"<span style=\"font-size:16px;\">19: Another&nbsp;<\/span><span style=\"font-size: 15.555556297302246px;\">sexual desire that humans can have is:<\/span>","DataExportTag":"19","QuestionID":"QID91"}},{"SurveyID":"SV_bHPqKzlQzZCmmt7","Element":"SQ","PrimaryAttribute":"QID73","SecondaryAttribute":"1: One influential leader in\nhistory:","TertiaryAttribute":null,"Payload":{"QuestionText":"<span style=\"font-size:16px;\">1: One influential leader in history:<\/span>","DefaultChoices":false,"QuestionType":"TE","Selector":"SL","Configuration":{"QuestionDescriptionOption":"UseText"},"QuestionDescription":"1: One influential leader in\nhistory:","Validation":{"Settings":{"ForceResponse":"ON","ForceResponseType":"ON","Type":"None"}},"GradingData":[],"Language":[],"QuestionText_Unsafe":"<span style=\"font-size:16px;\">1: One sexual desire that humans can have is:<\/span>","DataExportTag":"1","QuestionID":"QID73"}},{"SurveyID":"SV_bHPqKzlQzZCmmt7","Element":"SQ","PrimaryAttribute":"QID153","SecondaryAttribute":"20:\u00a0Another influential leader in\nhistory:","TertiaryAttribute":null,"Payload":{"QuestionText":"<span style=\"font-size:16px;\">20:&nbsp;<\/span><span style=\"font-size: 16px;\">Another influential leader in history:<\/span>","DefaultChoices":false,"DataExportTag":"20","QuestionType":"TE","Selector":"SL","Configuration":{"QuestionDescriptionOption":"UseText"},"QuestionDescription":"20:\u00a0Another influential leader in\nhistory:","Validation":{"Settings":{"ForceResponse":"ON","ForceResponseType":"ON","Type":"None","MinChars":"2"}},"GradingData":[],"Language":[],"QuestionID":"QID153"}},{"SurveyID":"SV_bHPqKzlQzZCmmt7","Element":"SQ","PrimaryAttribute":"QID92","SecondaryAttribute":"21:\u00a0Another influential leader in\nhistory:","TertiaryAttribute":null,"Payload":{"QuestionText":"<span style=\"font-size:16px;\">21:&nbsp;<\/span><span style=\"font-size: 16px;\">Another influential leader in history<\/span><span style=\"font-size: 15.555556297302246px;\">:<\/span>","DefaultChoices":false,"QuestionType":"TE","Selector":"SL","Configuration":{"QuestionDescriptionOption":"UseText"},"QuestionDescription":"21:\u00a0Another influential leader in\nhistory:","Validation":{"Settings":{"ForceResponse":"ON","ForceResponseType":"ON","Type":"None","MinChars":"2"}},"GradingData":[],"Language":[],"QuestionText_Unsafe":"<span style=\"font-size:16px;\">20: Another&nbsp;<\/span><span style=\"font-size: 15.555556297302246px;\">sexual desire that humans can have is:<\/span>","DataExportTag":"21","QuestionID":"QID92"}},{"SurveyID":"SV_bHPqKzlQzZCmmt7","Element":"SQ","PrimaryAttribute":"QID135","SecondaryAttribute":"22:\u00a0Another influential leader in\nhistory:","TertiaryAttribute":null,"Payload":{"QuestionText":"<span style=\"font-size:16px;\">22:&nbsp;<\/span><span style=\"font-size: 16px;\">Another influential leader in history:<\/span>","DefaultChoices":false,"DataExportTag":"22","QuestionType":"TE","Selector":"SL","Configuration":{"QuestionDescriptionOption":"UseText"},"QuestionDescription":"22:\u00a0Another influential leader in\nhistory:","Validation":{"Settings":{"ForceResponse":"ON","ForceResponseType":"ON","Type":"None","MinChars":"2"}},"GradingData":[],"Language":[],"QuestionID":"QID135"}},{"SurveyID":"SV_bHPqKzlQzZCmmt7","Element":"SQ","PrimaryAttribute":"QID154","SecondaryAttribute":"23:\u00a0Another influential leader in\nhistory:","TertiaryAttribute":null,"Payload":{"QuestionText":"<span style=\"font-size:16px;\">23:&nbsp;<\/span><span style=\"font-size: 16px;\">Another influential leader in history:<\/span>","DefaultChoices":false,"DataExportTag":"23","QuestionType":"TE","Selector":"SL","Configuration":{"QuestionDescriptionOption":"UseText"},"QuestionDescription":"23:\u00a0Another influential leader in\nhistory:","Validation":{"Settings":{"ForceResponse":"ON","ForceResponseType":"ON","Type":"None","MinChars":"2"}},"GradingData":[],"Language":[],"QuestionID":"QID154"}},{"SurveyID":"SV_bHPqKzlQzZCmmt7","Element":"SQ","PrimaryAttribute":"QID136","SecondaryAttribute":"24:\u00a0Another influential leader in\nhistory:","TertiaryAttribute":null,"Payload":{"QuestionText":"<span style=\"font-size:16px;\">24:&nbsp;<\/span><span style=\"font-size: 16px;\">Another influential leader in history:<\/span>","DefaultChoices":false,"DataExportTag":"24","QuestionType":"TE","Selector":"SL","Configuration":{"QuestionDescriptionOption":"UseText"},"QuestionDescription":"24:\u00a0Another influential leader in\nhistory:","Validation":{"Settings":{"ForceResponse":"ON","ForceResponseType":"ON","Type":"None","MinChars":"2"}},"GradingData":[],"Language":[],"QuestionID":"QID136"}},{"SurveyID":"SV_bHPqKzlQzZCmmt7","Element":"SQ","PrimaryAttribute":"QID137","SecondaryAttribute":"25:\u00a0Another influential leader in\nhistory:","TertiaryAttribute":null,"Payload":{"QuestionText":"<span style=\"font-size:16px;\">25:&nbsp;<\/span><span style=\"font-size: 16px;\">Another influential leader in history:<\/span>","DefaultChoices":false,"DataExportTag":"25","QuestionType":"TE","Selector":"SL","Configuration":{"QuestionDescriptionOption":"UseText"},"QuestionDescription":"25:\u00a0Another influential leader in\nhistory:","Validation":{"Settings":{"ForceResponse":"ON","ForceResponseType":"ON","Type":"None","MinChars":"2"}},"GradingData":[],"Language":[],"QuestionID":"QID137"}},{"SurveyID":"SV_bHPqKzlQzZCmmt7","Element":"SQ","PrimaryAttribute":"QID138","SecondaryAttribute":"26:\u00a0Another influential leader in\nhistory:","TertiaryAttribute":null,"Payload":{"QuestionText":"<span style=\"font-size:16px;\">26:&nbsp;<\/span><span style=\"font-size: 16px;\">Another influential leader in history:<\/span>","DefaultChoices":false,"DataExportTag":"26","QuestionType":"TE","Selector":"SL","Configuration":{"QuestionDescriptionOption":"UseText"},"QuestionDescription":"26:\u00a0Another influential leader in\nhistory:","Validation":{"Settings":{"ForceResponse":"ON","ForceResponseType":"ON","Type":"None","MinChars":"2"}},"GradingData":[],"Language":[],"QuestionID":"QID138"}},{"SurveyID":"SV_bHPqKzlQzZCmmt7","Element":"SQ","PrimaryAttribute":"QID139","SecondaryAttribute":"27:\u00a0Another influential leader in\nhistory:","TertiaryAttribute":null,"Payload":{"QuestionText":"<span style=\"font-size:16px;\">27:&nbsp;<\/span><span style=\"font-size: 16px;\">Another influential leader in history:<\/span>","DefaultChoices":false,"DataExportTag":"27","QuestionType":"TE","Selector":"SL","Configuration":{"QuestionDescriptionOption":"UseText"},"QuestionDescription":"27:\u00a0Another influential leader in\nhistory:","Validation":{"Settings":{"ForceResponse":"ON","ForceResponseType":"ON","Type":"None","MinChars":"2"}},"GradingData":[],"Language":[],"QuestionID":"QID139"}},{"SurveyID":"SV_bHPqKzlQzZCmmt7","Element":"SQ","PrimaryAttribute":"QID140","SecondaryAttribute":"28:\u00a0Another influential leader in\nhistory:","TertiaryAttribute":null,"Payload":{"QuestionText":"<span style=\"font-size:16px;\">28:&nbsp;<\/span><span style=\"font-size: 16px;\">Another influential leader in history:<\/span>","DefaultChoices":false,"DataExportTag":"28","QuestionType":"TE","Selector":"SL","Configuration":{"QuestionDescriptionOption":"UseText"},"QuestionDescription":"28:\u00a0Another influential leader in\nhistory:","Validation":{"Settings":{"ForceResponse":"ON","ForceResponseType":"ON","Type":"None","MinChars":"2"}},"GradingData":[],"Language":[],"QuestionID":"QID140"}},{"SurveyID":"SV_bHPqKzlQzZCmmt7","Element":"SQ","PrimaryAttribute":"QID141","SecondaryAttribute":"29:\u00a0Another influential leader in\nhistory:","TertiaryAttribute":null,"Payload":{"QuestionText":"<span style=\"font-size:16px;\">29:&nbsp;<\/span><span style=\"font-size: 16px;\">Another influential leader in history:<\/span>","DefaultChoices":false,"DataExportTag":"29","QuestionType":"TE","Selector":"SL","Configuration":{"QuestionDescriptionOption":"UseText"},"QuestionDescription":"29:\u00a0Another influential leader in\nhistory:","Validation":{"Settings":{"ForceResponse":"ON","ForceResponseType":"ON","Type":"None","MinChars":"2"}},"GradingData":[],"Language":[],"QuestionID":"QID141"}},{"SurveyID":"SV_bHPqKzlQzZCmmt7","Element":"SQ","PrimaryAttribute":"QID74","SecondaryAttribute":"2: Another influential leader in\nhistory:","TertiaryAttribute":null,"Payload":{"QuestionText":"<span style=\"font-size:16px;\">2: Another influential leader in history:<\/span>","DefaultChoices":false,"QuestionType":"TE","Selector":"SL","Configuration":{"QuestionDescriptionOption":"UseText"},"QuestionDescription":"2: Another influential leader in\nhistory:","Validation":{"Settings":{"ForceResponse":"ON","ForceResponseType":"ON","Type":"None","MinChars":"2"}},"GradingData":[],"Language":[],"QuestionText_Unsafe":"<span style=\"font-size:16px;\">2: Another&nbsp;<\/span><span style=\"font-size: 15.555556297302246px;\">sexual desire that humans can have is:<\/span>","DataExportTag":"2","QuestionID":"QID74"}},{"SurveyID":"SV_bHPqKzlQzZCmmt7","Element":"SQ","PrimaryAttribute":"QID142","SecondaryAttribute":"30:\u00a0Another influential leader in\nhistory:","TertiaryAttribute":null,"Payload":{"QuestionText":"<span style=\"font-size:16px;\">30:&nbsp;<\/span><span style=\"font-size: 16px;\">Another influential leader in history:<\/span>","DefaultChoices":false,"DataExportTag":"30","QuestionType":"TE","Selector":"SL","Configuration":{"QuestionDescriptionOption":"UseText"},"QuestionDescription":"30:\u00a0Another influential leader in\nhistory:","Validation":{"Settings":{"ForceResponse":"ON","ForceResponseType":"ON","Type":"None","MinChars":"2"}},"GradingData":[],"Language":[],"QuestionID":"QID142"}},{"SurveyID":"SV_bHPqKzlQzZCmmt7","Element":"SQ","PrimaryAttribute":"QID157","SecondaryAttribute":"31:\u00a0Another influential leader in\nhistory:","TertiaryAttribute":null,"Payload":{"QuestionText":"<span style=\"font-size:16px;\">31:&nbsp;<\/span><span style=\"font-size: 16px;\">Another influential leader in history:<\/span>","DefaultChoices":false,"DataExportTag":"31","QuestionType":"TE","Selector":"SL","Configuration":{"QuestionDescriptionOption":"UseText"},"QuestionDescription":"31:\u00a0Another influential leader in\nhistory:","Validation":{"Settings":{"ForceResponse":"ON","ForceResponseType":"ON","Type":"None","MinChars":"2"}},"GradingData":[],"Language":[],"QuestionID":"QID157"}},{"SurveyID":"SV_bHPqKzlQzZCmmt7","Element":"SQ","PrimaryAttribute":"QID158","SecondaryAttribute":"32:\u00a0Another influential leader in\nhistory:","TertiaryAttribute":null,"Payload":{"QuestionText":"<span style=\"font-size:16px;\">32:&nbsp;<\/span><span style=\"font-size: 16px;\">Another influential leader in history:<\/span>","DefaultChoices":false,"DataExportTag":"32","QuestionType":"TE","Selector":"SL","Configuration":{"QuestionDescriptionOption":"UseText"},"QuestionDescription":"32:\u00a0Another influential leader in\nhistory:","Validation":{"Settings":{"ForceResponse":"ON","ForceResponseType":"ON","Type":"None","MinChars":"2"}},"GradingData":[],"Language":[],"QuestionID":"QID158"}},{"SurveyID":"SV_bHPqKzlQzZCmmt7","Element":"SQ","PrimaryAttribute":"QID159","SecondaryAttribute":"33:\u00a0Another influential leader in\nhistory:","TertiaryAttribute":null,"Payload":{"QuestionText":"<span style=\"font-size:16px;\">33:&nbsp;<\/span><span style=\"font-size: 16px;\">Another influential leader in history:<\/span>","DefaultChoices":false,"DataExportTag":"33","QuestionType":"TE","Selector":"SL","Configuration":{"QuestionDescriptionOption":"UseText"},"QuestionDescription":"33:\u00a0Another influential leader in\nhistory:","Validation":{"Settings":{"ForceResponse":"ON","ForceResponseType":"ON","Type":"None","MinChars":"2"}},"GradingData":[],"Language":[],"QuestionID":"QID159"}},{"SurveyID":"SV_bHPqKzlQzZCmmt7","Element":"SQ","PrimaryAttribute":"QID160","SecondaryAttribute":"34:\u00a0Another influential leader in\nhistory:","TertiaryAttribute":null,"Payload":{"QuestionText":"<span style=\"font-size:16px;\">34:&nbsp;<\/span><span style=\"font-size: 16px;\">Another influential leader in history:<\/span>","DefaultChoices":false,"DataExportTag":"34","QuestionType":"TE","Selector":"SL","Configuration":{"QuestionDescriptionOption":"UseText"},"QuestionDescription":"34:\u00a0Another influential leader in\nhistory:","Validation":{"Settings":{"ForceResponse":"ON","ForceResponseType":"ON","Type":"None","MinChars":"2"}},"GradingData":[],"Language":[],"QuestionID":"QID160"}},{"SurveyID":"SV_bHPqKzlQzZCmmt7","Element":"SQ","PrimaryAttribute":"QID161","SecondaryAttribute":"35:\u00a0Another influential leader in\nhistory:","TertiaryAttribute":null,"Payload":{"QuestionText":"<span style=\"font-size:16px;\">35:&nbsp;<\/span><span style=\"font-size: 16px;\">Another influential leader in history:<\/span>","DefaultChoices":false,"DataExportTag":"35","QuestionType":"TE","Selector":"SL","Configuration":{"QuestionDescriptionOption":"UseText"},"QuestionDescription":"35:\u00a0Another influential leader in\nhistory:","Validation":{"Settings":{"ForceResponse":"ON","ForceResponseType":"ON","Type":"None","MinChars":"2"}},"GradingData":[],"Language":[],"QuestionID":"QID161"}},{"SurveyID":"SV_bHPqKzlQzZCmmt7","Element":"SQ","PrimaryAttribute":"QID162","SecondaryAttribute":"36:\u00a0Another influential leader in\nhistory:","TertiaryAttribute":null,"Payload":{"QuestionText":"<span style=\"font-size:16px;\">36:&nbsp;<\/span><span style=\"font-size: 16px;\">Another influential leader in history:<\/span>","DefaultChoices":false,"DataExportTag":"36","QuestionType":"TE","Selector":"SL","Configuration":{"QuestionDescriptionOption":"UseText"},"QuestionDescription":"36:\u00a0Another influential leader in\nhistory:","Validation":{"Settings":{"ForceResponse":"ON","ForceResponseType":"ON","Type":"None","MinChars":"2"}},"GradingData":[],"Language":[],"QuestionID":"QID162"}},{"SurveyID":"SV_bHPqKzlQzZCmmt7","Element":"SQ","PrimaryAttribute":"QID163","SecondaryAttribute":"37:\u00a0Another influential leader in\nhistory:","TertiaryAttribute":null,"Payload":{"QuestionText":"<span style=\"font-size:16px;\">37:&nbsp;<\/span><span style=\"font-size: 16px;\">Another influential leader in history:<\/span>","DefaultChoices":false,"DataExportTag":"37","QuestionType":"TE","Selector":"SL","Configuration":{"QuestionDescriptionOption":"UseText"},"QuestionDescription":"37:\u00a0Another influential leader in\nhistory:","Validation":{"Settings":{"ForceResponse":"ON","ForceResponseType":"ON","Type":"None","MinChars":"2"}},"GradingData":[],"Language":[],"QuestionID":"QID163"}},{"SurveyID":"SV_bHPqKzlQzZCmmt7","Element":"SQ","PrimaryAttribute":"QID164","SecondaryAttribute":"38:\u00a0Another influential leader in\nhistory:","TertiaryAttribute":null,"Payload":{"QuestionText":"<span style=\"font-size:16px;\">38:&nbsp;<\/span><span style=\"font-size: 16px;\">Another influential leader in history:<\/span>","DefaultChoices":false,"DataExportTag":"38","QuestionType":"TE","Selector":"SL","Configuration":{"QuestionDescriptionOption":"UseText"},"QuestionDescription":"38:\u00a0Another influential leader in\nhistory:","Validation":{"Settings":{"ForceResponse":"ON","ForceResponseType":"ON","Type":"None","MinChars":"2"}},"GradingData":[],"Language":[],"QuestionID":"QID164"}},{"SurveyID":"SV_bHPqKzlQzZCmmt7","Element":"SQ","PrimaryAttribute":"QID165","SecondaryAttribute":"39:\u00a0Another influential leader in\nhistory:","TertiaryAttribute":null,"Payload":{"QuestionText":"<span style=\"font-size:16px;\">39:&nbsp;<\/span><span style=\"font-size: 16px;\">Another influential leader in history:<\/span>","DefaultChoices":false,"DataExportTag":"39","QuestionType":"TE","Selector":"SL","Configuration":{"QuestionDescriptionOption":"UseText"},"QuestionDescription":"39:\u00a0Another influential leader in\nhistory:","Validation":{"Settings":{"ForceResponse":"ON","ForceResponseType":"ON","Type":"None","MinChars":"2"}},"GradingData":[],"Language":[],"QuestionID":"QID165"}},{"SurveyID":"SV_bHPqKzlQzZCmmt7","Element":"SQ","PrimaryAttribute":"QID75","SecondaryAttribute":"3:\u00a0Another influential leader in\nhistory:","TertiaryAttribute":null,"Payload":{"QuestionText":"<span style=\"font-size:16px;\">3:&nbsp;<\/span><span style=\"font-size: 16px;\">Another influential leader in history:<\/span>","DefaultChoices":false,"QuestionType":"TE","Selector":"SL","Configuration":{"QuestionDescriptionOption":"UseText"},"QuestionDescription":"3:\u00a0Another influential leader in\nhistory:","Validation":{"Settings":{"ForceResponse":"ON","ForceResponseType":"ON","Type":"None","MinChars":"2"}},"GradingData":[],"Language":[],"QuestionText_Unsafe":"<span style=\"font-size:16px;\">3: Another&nbsp;<\/span><span style=\"font-size: 15.555556297302246px;\">sexual desire that humans can have is:<\/span>","DataExportTag":"3","QuestionID":"QID75"}},{"SurveyID":"SV_bHPqKzlQzZCmmt7","Element":"SQ","PrimaryAttribute":"QID167","SecondaryAttribute":"40:\u00a0Another influential leader in\nhistory:","TertiaryAttribute":null,"Payload":{"QuestionText":"<span style=\"font-size:16px;\">40:&nbsp;<\/span><span style=\"font-size: 16px;\">Another influential leader in history:<\/span>","DefaultChoices":false,"DataExportTag":"40","QuestionType":"TE","Selector":"SL","Configuration":{"QuestionDescriptionOption":"UseText"},"QuestionDescription":"40:\u00a0Another influential leader in\nhistory:","Validation":{"Settings":{"ForceResponse":"ON","ForceResponseType":"ON","Type":"None","MinChars":"2"}},"GradingData":[],"Language":[],"QuestionID":"QID167"}},{"SurveyID":"SV_bHPqKzlQzZCmmt7","Element":"SQ","PrimaryAttribute":"QID76","SecondaryAttribute":"4:\u00a0Another influential leader in\nhistory:","TertiaryAttribute":null,"Payload":{"QuestionText":"<span style=\"font-size:16px;\">4:&nbsp;<\/span><span style=\"font-size: 16px;\">Another influential leader in history:<\/span>","DefaultChoices":false,"QuestionType":"TE","Selector":"SL","Configuration":{"QuestionDescriptionOption":"UseText"},"QuestionDescription":"4:\u00a0Another influential leader in\nhistory:","Validation":{"Settings":{"ForceResponse":"ON","ForceResponseType":"ON","Type":"None","MinChars":"2"}},"GradingData":[],"Language":[],"QuestionText_Unsafe":"<span style=\"font-size:16px;\">4: Another&nbsp;<\/span><span style=\"font-size: 15.555556297302246px;\">sexual desire that humans can have is:<\/span>","DataExportTag":"4","QuestionID":"QID76"}},{"SurveyID":"SV_bHPqKzlQzZCmmt7","Element":"SQ","PrimaryAttribute":"QID77","SecondaryAttribute":"5:\u00a0Another influential leader in\nhistory:","TertiaryAttribute":null,"Payload":{"QuestionText":"<span style=\"font-size:16px;\">5:&nbsp;<\/span><span style=\"font-size: 16px;\">Another influential leader in history:<\/span>","DefaultChoices":false,"QuestionType":"TE","Selector":"SL","Configuration":{"QuestionDescriptionOption":"UseText"},"QuestionDescription":"5:\u00a0Another influential leader in\nhistory:","Validation":{"Settings":{"ForceResponse":"ON","ForceResponseType":"ON","Type":"None","MinChars":"2"}},"GradingData":[],"Language":[],"QuestionText_Unsafe":"<span style=\"font-size:16px;\">5: Another&nbsp;<\/span><span style=\"font-size: 15.555556297302246px;\">sexual desire that humans can have is:<\/span>","DataExportTag":"5","QuestionID":"QID77"}},{"SurveyID":"SV_bHPqKzlQzZCmmt7","Element":"SQ","PrimaryAttribute":"QID78","SecondaryAttribute":"6:\u00a0Another influential leader in\nhistory:","TertiaryAttribute":null,"Payload":{"QuestionText":"<span style=\"font-size:16px;\">6:&nbsp;<\/span><span style=\"font-size: 16px;\">Another influential leader in history:<\/span>","DefaultChoices":false,"QuestionType":"TE","Selector":"SL","Configuration":{"QuestionDescriptionOption":"UseText"},"QuestionDescription":"6:\u00a0Another influential leader in\nhistory:","Validation":{"Settings":{"ForceResponse":"ON","ForceResponseType":"ON","Type":"None","MinChars":"2"}},"GradingData":[],"Language":[],"QuestionText_Unsafe":"<span style=\"font-size:16px;\">6: Another&nbsp;<\/span><span style=\"font-size: 15.555556297302246px;\">sexual desire that humans can have is:<\/span>","DataExportTag":"6","QuestionID":"QID78"}},{"SurveyID":"SV_bHPqKzlQzZCmmt7","Element":"SQ","PrimaryAttribute":"QID79","SecondaryAttribute":"7:\u00a0Another influential leader in\nhistory:","TertiaryAttribute":null,"Payload":{"QuestionText":"<span style=\"font-size:16px;\">7:&nbsp;<\/span><span style=\"font-size: 16px;\">Another influential leader in history:<\/span>","DefaultChoices":false,"QuestionType":"TE","Selector":"SL","Configuration":{"QuestionDescriptionOption":"UseText"},"QuestionDescription":"7:\u00a0Another influential leader in\nhistory:","Validation":{"Settings":{"ForceResponse":"ON","ForceResponseType":"ON","Type":"None","MinChars":"2"}},"GradingData":[],"Language":[],"QuestionText_Unsafe":"<span style=\"font-size:16px;\">7: Another&nbsp;<\/span><span style=\"font-size: 15.555556297302246px;\">sexual desire that humans can have is:<\/span>","DataExportTag":"7","QuestionID":"QID79"}},{"SurveyID":"SV_bHPqKzlQzZCmmt7","Element":"SQ","PrimaryAttribute":"QID80","SecondaryAttribute":"8:\u00a0Another influential leader in\nhistory:","TertiaryAttribute":null,"Payload":{"QuestionText":"<span style=\"font-size:16px;\">8:&nbsp;<\/span><span style=\"font-size: 16px;\">Another influential leader in history:<\/span>","DefaultChoices":false,"QuestionType":"TE","Selector":"SL","Configuration":{"QuestionDescriptionOption":"UseText"},"QuestionDescription":"8:\u00a0Another influential leader in\nhistory:","Validation":{"Settings":{"ForceResponse":"ON","ForceResponseType":"ON","Type":"None","MinChars":"2"}},"GradingData":[],"Language":[],"QuestionText_Unsafe":"<span style=\"font-size:16px;\">8: Another&nbsp;<\/span><span style=\"font-size: 15.555556297302246px;\">sexual desire that humans can have is:<\/span>","DataExportTag":"8","QuestionID":"QID80"}},{"SurveyID":"SV_bHPqKzlQzZCmmt7","Element":"SQ","PrimaryAttribute":"QID81","SecondaryAttribute":"9:\u00a0Another influential leader in\nhistory:","TertiaryAttribute":null,"Payload":{"QuestionText":"<span style=\"font-size:16px;\">9:&nbsp;<\/span><span style=\"font-size: 16px;\">Another influential leader in history:<\/span>","DefaultChoices":false,"QuestionType":"TE","Selector":"SL","Configuration":{"QuestionDescriptionOption":"UseText"},"QuestionDescription":"9:\u00a0Another influential leader in\nhistory:","Validation":{"Settings":{"ForceResponse":"ON","ForceResponseType":"ON","Type":"None","MinChars":"2"}},"GradingData":[],"Language":[],"QuestionText_Unsafe":"<span style=\"font-size:16px;\">9: Another&nbsp;<\/span><span style=\"font-size: 15.555556297302246px;\">sexual desire that humans can have is:<\/span>","DataExportTag":"9","QuestionID":"QID81"}},{"SurveyID":"SV_bHPqKzlQzZCmmt7","Element":"SQ","PrimaryAttribute":"QID50","SecondaryAttribute":"Dear participant,\n\n \u00a0\nThis is the end. On the NEXT PAGE,\nthere is a random COMPLETION CODE.\n \u00a0\n\n P","TertiaryAttribute":null,"Payload":{"QuestionText":"<div><span style=\"font-size:19px;\">Dear participant,<\/span><\/div>\n\n<div>&nbsp;<\/div>\n<span style=\"font-size:19px;\">This is the end. On the NEXT PAGE, there is a random COMPLETION CODE.<\/span>\n\n<div>&nbsp;<\/div>\n\n<div><span style=\"font-size:19px;\">Please COPY THAT COMPLETION CODE&nbsp;and paste it into MTurk.<\/span><\/div>\n\n<div>&nbsp;<\/div>\n\n<div><span style=\"font-size:19px;\">You need that random code for completing this HIT.<\/span><\/div>\n\n<div>&nbsp;<\/div>\n\n<div><span style=\"font-size:19px;\">Thank you for participating in this survey!<\/span><\/div>\n\n<div>&nbsp;<\/div>","DefaultChoices":false,"DataExportTag":"End","QuestionType":"DB","Selector":"TB","Configuration":{"QuestionDescriptionOption":"UseText"},"QuestionDescription":"Dear participant,\n\n \u00a0\nThis is the end. On the NEXT PAGE,\nthere is a random COMPLETION CODE.\n \u00a0\n\n Please COPY THAT COMPLETION\n CODE\u00a0and paste it into MTurk.\n\n \u00a0\n\n You need that random code for\n comp...","ChoiceOrder":[],"Validation":{"Settings":{"Type":"None"}},"GradingData":[],"Language":[],"QuestionID":"QID50"}},{"SurveyID":"SV_bHPqKzlQzZCmmt7","Element":"SQ","PrimaryAttribute":"QID72","SecondaryAttribute":"Dear participant, \u00a0 in this study we want you to name \"40 different influential leaders in histor..","TertiaryAttribute":null,"Payload":{"QuestionText":"<div><span style=\"font-size:19px;\">Dear participant,<\/span><\/div>\n\n<div>&nbsp;<\/div>\n\n<div><span style=\"font-size:19px;\">in this study we want you to name &quot;40 different influential leaders in history&quot; according to your own opinion. You can name leaders that are still active and alive today or leaders that have already passed away.<\/span><\/div>\n\n<div>&nbsp;<\/div>\n\n<div><span style=\"font-size:22px;\">Please name 40 different influential leaders in history.&nbsp;<\/span><\/div>","DefaultChoices":false,"QuestionType":"DB","Selector":"TB","Configuration":{"QuestionDescriptionOption":"UseText"},"QuestionDescription":"Dear participant, \u00a0 in this study we want you to name \"40 different influential leaders in histor...","ChoiceOrder":[],"Validation":{"Settings":{"Type":"None"}},"GradingData":[],"Language":[],"QuestionText_Unsafe":"<span style=\"font-size:16px;\">Dear participant,<br>\n<br>\nPeople have many different kinds of sexual desires.<br>\n<br>\nSome sexual desires are based on with who or with what people want to have sex,&nbsp;<br>\nwhile other sexual desires are based on how people want to have sex.&nbsp;<br>\n<br>\nPLEASE NAME 20 SEXUAL DESIRES THAT HUMANS CAN HAVE.<br><br><\/span>","DataExportTag":"Intro","QuestionID":"QID72","DataVisibility":{"Private":false,"Hidden":false}}},{"SurveyID":"SV_bHPqKzlQzZCmmt7","Element":"RS","PrimaryAttribute":"RS_4I6HvavuTPu1P4V","SecondaryAttribute":"Default Response Set","TertiaryAttribute":null,"Payload":null},{"SurveyID":"SV_bHPqKzlQzZCmmt7","Element":"SQ","PrimaryAttribute":"QID48","SecondaryAttribute":"English is my...","TertiaryAttribute":null,"Payload":{"QuestionText":"<span style=\"font-size:19px;\">English is my...<\/span>","DataExportTag":"English","QuestionType":"MC","Selector":"SAHR","SubSelector":"TX","Configuration":{"QuestionDescriptionOption":"UseText","LabelPosition":"BELOW"},"QuestionDescription":"English is my...","Choices":{"1":{"Display":"<span style=\"font-size:16px;\">Native language<\/span>"},"2":{"Display":"<span style=\"font-size:16px;\">First foreign language<\/span>"},"3":{"Display":"<span style=\"font-size:16px;\">Second foreign language<\/span>"}},"ChoiceOrder":["1","2","3"],"Validation":{"Settings":{"ForceResponse":"ON","ForceResponseType":"ON","Type":"None"}},"Language":[],"QuestionID":"QID48"}},{"SurveyID":"SV_bHPqKzlQzZCmmt7","Element":"SQ","PrimaryAttribute":"QID49","SecondaryAttribute":"Final question: for us researchers\n it is very important to be able to have reliable\n answers\u00a0to th","TertiaryAttribute":null,"Payload":{"QuestionText":"<div><span style=\"font-size:19px;\">Final question: for us researchers it is very important to be able to have reliable answers&nbsp;<\/span><span style=\"font-size: 19px;\">to the questions that we ask. It may be that some of our MTurk participants lack the energy&nbsp;<\/span><span style=\"font-size: 19px;\">or attention to focus enough on completing this study. This sometimes happens.&nbsp;<\/span><span style=\"font-size: 19px;\">Would you recommend us to use your own data or would you recommend us&nbsp;<\/span><span style=\"font-size: 19px;\">to drop your results from the analysis?&nbsp;<\/span><span style=\"font-size: 19px;\">NOTE: your answer to this question does NOT affect your payment or evaluation at MTurk!<\/span><\/div>","DataExportTag":"Data","QuestionType":"MC","Selector":"SAVR","SubSelector":"TX","Configuration":{"QuestionDescriptionOption":"UseText"},"QuestionDescription":"Final question: for us researchers\n it is very important to be able to have reliable\n answers\u00a0to the\n questions that we ask. It may be that some of our MTurk\n participants lack the energy\u00a0or attent...","Choices":{"1":{"Display":"<span style=\"font-size:19px;\">definitely drop my answers<\/span>"},"2":{"Display":"<span style=\"font-size:19px;\">maybe drop my answers<\/span>"},"3":{"Display":"<span style=\"font-size:19px;\">use my answers<\/span>"},"4":{"Display":"<span style=\"font-size:19px;\">definitely use my answers<\/span>"}},"ChoiceOrder":[1,2,3,4],"Validation":{"Settings":{"ForceResponse":"ON","ForceResponseType":"ON","Type":"None"}},"Language":[],"QuestionID":"QID49"}},{"SurveyID":"SV_bHPqKzlQzZCmmt7","Element":"SQ","PrimaryAttribute":"QID45","SecondaryAttribute":"How old are you?","TertiaryAttribute":null,"Payload":{"QuestionText":"<span style=\"font-size:19px;\">How old are you?<\/span>","DefaultChoices":false,"DataExportTag":"Age","QuestionID":"QID45","QuestionType":"TE","Selector":"SL","Configuration":{"QuestionDescriptionOption":"UseText"},"QuestionDescription":"How old are you?","Randomization":{"Type":"None"},"Validation":{"Settings":{"ForceResponse":"ON","ForceResponseType":"ON","Type":"None"}},"GradingData":[],"Language":[]}},{"SurveyID":"SV_bHPqKzlQzZCmmt7","Element":"SQ","PrimaryAttribute":"QID168","SecondaryAttribute":"Timing","TertiaryAttribute":null,"Payload":{"QuestionText":"Timing","DefaultChoices":false,"DataExportTag":"ten","QuestionType":"Timing","Selector":"PageTimer","Configuration":{"QuestionDescriptionOption":"UseText","MinSeconds":"0","MaxSeconds":"0"},"QuestionDescription":"Timing","Choices":{"1":{"Display":"First Click"},"2":{"Display":"Last Click"},"3":{"Display":"Page Submit"},"4":{"Display":"Click Count"}},"GradingData":[],"Language":[],"QuestionID":"QID168"}},{"SurveyID":"SV_bHPqKzlQzZCmmt7","Element":"SQ","PrimaryAttribute":"QID169","SecondaryAttribute":"Timing","TertiaryAttribute":null,"Payload":{"QuestionText":"Timing","DefaultChoices":false,"DataExportTag":"twenty","QuestionType":"Timing","Selector":"PageTimer","Configuration":{"QuestionDescriptionOption":"UseText","MinSeconds":"0","MaxSeconds":"0"},"QuestionDescription":"Timing","Choices":{"1":{"Display":"First Click"},"2":{"Display":"Last Click"},"3":{"Display":"Page Submit"},"4":{"Display":"Click Count"}},"GradingData":[],"Language":[],"QuestionID":"QID169"}},{"SurveyID":"SV_bHPqKzlQzZCmmt7","Element":"SQ","PrimaryAttribute":"QID170","SecondaryAttribute":"Timing","TertiaryAttribute":null,"Payload":{"QuestionText":"Timing","DefaultChoices":false,"DataExportTag":"thirty","QuestionType":"Timing","Selector":"PageTimer","Configuration":{"QuestionDescriptionOption":"UseText","MinSeconds":"0","MaxSeconds":"0"},"QuestionDescription":"Timing","Choices":{"1":{"Display":"First Click"},"2":{"Display":"Last Click"},"3":{"Display":"Page Submit"},"4":{"Display":"Click Count"}},"GradingData":[],"Language":[],"QuestionID":"QID170"}},{"SurveyID":"SV_bHPqKzlQzZCmmt7","Element":"SQ","PrimaryAttribute":"QID171","SecondaryAttribute":"Timing","TertiaryAttribute":null,"Payload":{"QuestionText":"Timing","DefaultChoices":false,"DataExportTag":"fourty","QuestionType":"Timing","Selector":"PageTimer","Configuration":{"QuestionDescriptionOption":"UseText","MinSeconds":"0","MaxSeconds":"0"},"QuestionDescription":"Timing","Choices":{"1":{"Display":"First Click"},"2":{"Display":"Last Click"},"3":{"Display":"Page Submit"},"4":{"Display":"Click Count"}},"GradingData":[],"Language":[],"QuestionID":"QID171"}},{"SurveyID":"SV_bHPqKzlQzZCmmt7","Element":"SQ","PrimaryAttribute":"QID47","SecondaryAttribute":"What is your ethnicity?","TertiaryAttribute":null,"Payload":{"QuestionText":"<span style=\"font-size:19px;\">What is your ethnicity?<\/span>","DefaultChoices":false,"DataExportTag":"Ethnicity","QuestionType":"TE","Selector":"SL","Configuration":{"QuestionDescriptionOption":"UseText"},"QuestionDescription":"What is your ethnicity?","Validation":{"Settings":{"ForceResponse":"ON","ForceResponseType":"ON","Type":"None"}},"GradingData":[],"Language":[],"QuestionID":"QID47"}},{"SurveyID":"SV_bHPqKzlQzZCmmt7","Element":"SQ","PrimaryAttribute":"QID46","SecondaryAttribute":"What is your gender?","TertiaryAttribute":null,"Payload":{"QuestionText":"<span style=\"font-size:19px;\">What is your gender?<\/span>","DataExportTag":"Gender","QuestionType":"MC","Selector":"SAHR","SubSelector":"TX","Configuration":{"QuestionDescriptionOption":"SpecifyLabel","LabelPosition":"BELOW"},"QuestionDescription":"What is your gender?","Choices":{"1":{"Display":"<span style=\"font-size:16px;\">Male<\/span>"},"2":{"Display":"<span style=\"font-size:16px;\">Female<\/span>"}},"ChoiceOrder":["1","2"],"Randomization":{"Type":"All"},"Validation":{"Settings":{"ForceResponse":"ON","ForceResponseType":"ON","Type":"None"}},"Language":[],"QuestionID":"QID46"}}]}